
Microsoft Visual Studio Solution File, Format Version 12.00
# Visual Studio Version 17
VisualStudioVersion = 17.13.35806.99 d17.13
MinimumVisualStudioVersion = 10.0.40219.1
Project("{FAE04EC0-301F-11D3-BF4B-00C04F79EFBC}") = "membresias.be", "membresias.be.csproj", "{C7D98A6B-B4F1-4CBD-ABE5-FE48E512D135}"
EndProject
Global
	GlobalSection(SolutionConfigurationPlatforms) = preSolution
		Debug|Any CPU = Debug|Any CPU
		Release|Any CPU = Release|Any CPU
	EndGlobalSection
	GlobalSection(ProjectConfigurationPlatforms) = postSolution
		{C7D98A6B-B4F1-4CBD-ABE5-FE48E512D135}.Debug|Any CPU.ActiveCfg = Debug|Any CPU
		{C7D98A6B-B4F1-4CBD-ABE5-FE48E512D135}.Debug|Any CPU.Build.0 = Debug|Any CPU
		{C7D98A6B-B4F1-4CBD-ABE5-FE48E512D135}.Release|Any CPU.ActiveCfg = Release|Any CPU
		{C7D98A6B-B4F1-4CBD-ABE5-FE48E512D135}.Release|Any CPU.Build.0 = Release|Any CPU
	EndGlobalSection
	GlobalSection(SolutionProperties) = preSolution
		HideSolutionNode = FALSE
	EndGlobalSection
	GlobalSection(ExtensibilityGlobals) = postSolution
		SolutionGuid = {1B3592C0-9518-4876-87F8-455B025AB91E}
	EndGlobalSection
EndGlobal
